{
  "name": "tab manager",
  "lockfileVersion": 2,
  "requires": true,
  "packages": {
    "": {
      "dependencies": {
        "chrome-types": "^0.1.199"
      }
    },
    "node_modules/chrome-types": {
      "version": "0.1.199",
      "resolved": "https://registry.npmjs.org/chrome-types/-/chrome-types-0.1.199.tgz",
      "integrity": "sha512-UN2O6wdjOlIuH+0kZJxj+AxCqSMtF1SA0N8Zz26osAyx5zHFEQvivYckO3fu0HXabfmd8SPqBTPdkVznIEyMBg=="
    }
  },
  "dependencies": {
    "chrome-types": {
      "version": "0.1.199",
      "resolved": "https://registry.npmjs.org/chrome-types/-/chrome-types-0.1.199.tgz",
      "integrity": "sha512-UN2O6wdjOlIuH+0kZJxj+AxCqSMtF1SA0N8Zz26osAyx5zHFEQvivYckO3fu0HXabfmd8SPqBTPdkVznIEyMBg=="
    }
  }
}
